{
  "requires": true,
  "lockfileVersion": 1,
  "dependencies": {
    "sweetalert2": {
      "version": "7.22.2",
      "resolved": "https://registry.npmjs.org/sweetalert2/-/sweetalert2-7.22.2.tgz",
      "integrity": "sha512-M2CH46nF+Tb1veA7EHXMloEeBScICRgSlpA/FE0KW9mNSGYq4j4HVbm3G9PBn+6lG3TFPwFt+kxnyhxagGCcHA=="
    }
  }
}
